// !$*UTF8*$!
{
	archiveVersion = 1;
	classes = {
	};
	objectVersion = 55;
	objects = {

/* Begin PBXBuildFile section */
		DEAC88BB279473E400E66DB7 /* AppDelegate.swift in Sources */ = {isa = PBXBuildFile; fileRef = DEAC88BA279473E400E66DB7 /* AppDelegate.swift */; };
		DEAC88BD279473E400E66DB7 /* SceneDelegate.swift in Sources */ = {isa = PBXBuildFile; fileRef = DEAC88BC279473E400E66DB7 /* SceneDelegate.swift */; };
		DEAC88BF279473E400E66DB7 /* ViewController.swift in Sources */ = {isa = PBXBuildFile; fileRef = DEAC88BE279473E400E66DB7 /* ViewController.swift */; };
		DEAC88C2279473E400E66DB7 /* Main.storyboard in Resources */ = {isa = PBXBuildFile; fileRef = DEAC88C0279473E400E66DB7 /* Main.storyboard */; };
		DEAC88C4279473E600E66DB7 /* Assets.xcassets in Resources */ = {isa = PBXBuildFile; fileRef = DEAC88C3279473E600E66DB7 /* Assets.xcassets */; };
		DEAC88C7279473E600E66DB7 /* LaunchScreen.storyboard in Resources */ = {isa = PBXBuildFile; fileRef = DEAC88C5279473E600E66DB7 /* LaunchScreen.storyboard */; };
		DEAC88D2279473E600E66DB7 /* About_MeTests.swift in Sources */ = {isa = PBXBuildFile; fileRef = DEAC88D1279473E600E66DB7 /* About_MeTests.swift */; };
		DEAC88DC279473E600E66DB7 /* About_MeUITests.swift in Sources */ = {isa = PBXBuildFile; fileRef = DEAC88DB279473E600E66DB7 /* About_MeUITests.swift */; };
		DEAC88DE279473E600E66DB7 /* About_MeUITestsLaunchTests.swift in Sources */ = {isa = PBXBuildFile; fileRef = DEAC88DD279473E600E66DB7 /* About_MeUITestsLaunchTests.swift */; };
/* End PBXBuildFile section */

/* Begin PBXContainerItemProxy section */
		DEAC88CE279473E600E66DB7 /* PBXContainerItemProxy */ = {
			isa = PBXContainerItemProxy;
			containerPortal = DEAC88AF279473E400E66DB7 /* Project object */;
			proxyType = 1;
			remoteGlobalIDString = DEAC88B6279473E400E66DB7;
			remoteInfo = "About Me";
		};
		DEAC88D8279473E600E66DB7 /* PBXContainerItemProxy */ = {
			isa = PBXContainerItemProxy;
			containerPortal = DEAC88AF279473E400E66DB7 /* Project object */;
			proxyType = 1;
			remoteGlobalIDString = DEAC88B6279473E400E66DB7;
			remoteInfo = "About Me";
		};
/* End PBXContainerItemProxy section */

/* Begin PBXFileReference section */
		DEAC88B7279473E400E66DB7 /* About Me.app */ = {isa = PBXFileReference; explicitFileType = wrapper.application; includeInIndex = 0; path = "About Me.app"; sourceTree = BUILT_PRODUCTS_DIR; };
		DEAC88BA279473E400E66DB7 /* AppDelegate.swift */ = {isa = PBXFileReference; lastKnownFileType = sourcecode.swift; path = AppDelegate.swift; sourceTree = "<group>"; };
		DEAC88BC279473E400E66DB7 /* SceneDelegate.swift */ = {isa = PBXFileReference; lastKnownFileType = sourcecode.swift; path = SceneDelegate.swift; sourceTree = "<group>"; };
		DEAC88BE279473E400E66DB7 /* ViewController.swift */ = {isa = PBXFileReference; lastKnownFileType = sourcecode.swift; path = ViewController.swift; sourceTree = "<group>"; };
		DEAC88C1279473E400E66DB7 /* Base */ = {isa = PBXFileReference; lastKnownFileType = file.storyboard; name = Base; path = Base.lproj/Main.storyboard; sourceTree = "<group>"; };
		DEAC88C3279473E600E66DB7 /* Assets.xcassets */ = {isa = PBXFileReference; lastKnownFileType = folder.assetcatalog; path = Assets.xcassets; sourceTree = "<group>"; };
		DEAC88C6279473E600E66DB7 /* Base */ = {isa = PBXFileReference; lastKnownFileType = file.storyboard; name = Base; path = Base.lproj/LaunchScreen.storyboard; sourceTree = "<group>"; };
		DEAC88C8279473E600E66DB7 /* Info.plist */ = {isa = PBXFileReference; lastKnownFileType = text.plist.xml; path = Info.plist; sourceTree = "<group>"; };
		DEAC88CD279473E600E66DB7 /* About MeTests.xctest */ = {isa = PBXFileReference; explicitFileType = wrapper.cfbundle; includeInIndex = 0; path = "About MeTests.xctest"; sourceTree = BUILT_PRODUCTS_DIR; };
		DEAC88D1279473E600E66DB7 /* About_MeTests.swift */ = {isa = PBXFileReference; lastKnownFileType = sourcecode.swift; path = About_MeTests.swift; sourceTree = "<group>"; };
		DEAC88D7279473E600E66DB7 /* About MeUITests.xctest */ = {isa = PBXFileReference; explicitFileType = wrapper.cfbundle; includeInIndex = 0; path = "About MeUITests.xctest"; sourceTree = BUILT_PRODUCTS_DIR; };
		DEAC88DB279473E600E66DB7 /* About_MeUITests.swift */ = {isa = PBXFileReference; lastKnownFileType = sourcecode.swift; path = About_MeUITests.swift; sourceTree = "<group>"; };
		DEAC88DD279473E600E66DB7 /* About_MeUITestsLaunchTests.swift */ = {isa = PBXFileReference; lastKnownFileType = sourcecode.swift; path = About_MeUITestsLaunchTests.swift; sourceTree = "<group>"; };
/* End PBXFileReference section */

/* Begin PBXFrameworksBuildPhase section */
		DEAC88B4279473E400E66DB7 /* Frameworks */ = {
			isa = PBXFrameworksBuildPhase;
			buildActionMask = 2147483647;
			files = (
			);
			runOnlyForDeploymentPostprocessing = 0;
		};
		DEAC88CA279473E600E66DB7 /* Frameworks */ = {
			isa = PBXFrameworksBuildPhase;
			buildActionMask = 2147483647;
			files = (
			);
			runOnlyForDeploymentPostprocessing = 0;
		};
		DEAC88D4279473E600E66DB7 /* Frameworks */ = {
			isa = PBXFrameworksBuildPhase;
			buildActionMask = 2147483647;
			files = (
			);
			runOnlyForDeploymentPostprocessing = 0;
		};
/* End PBXFrameworksBuildPhase section */

/* Begin PBXGroup section */
		DEAC88AE279473E400E66DB7 = {
			isa = PBXGroup;
			children = (
				DEAC88B9279473E400E66DB7 /* About Me */,
				DEAC88D0279473E600E66DB7 /* About MeTests */,
				DEAC88DA279473E600E66DB7 /* About MeUITests */,
				DEAC88B8279473E400E66DB7 /* Products */,
			);
			sourceTree = "<group>";
		};
		DEAC88B8279473E400E66DB7 /* Products */ = {
			isa = PBXGroup;
			children = (
				DEAC88B7279473E400E66DB7 /* About Me.app */,
				DEAC88CD279473E600E66DB7 /* About MeTests.xctest */,
				DEAC88D7279473E600E66DB7 /* About MeUITests.xctest */,
			);
			name = Products;
			sourceTree = "<group>";
		};
		DEAC88B9279473E400E66DB7 /* About Me */ = {
			isa = PBXGroup;
			children = (
				DEAC88BA279473E400E66DB7 /* AppDelegate.swift */,
				DEAC88BC279473E400E66DB7 /* SceneDelegate.swift */,
				DEAC88BE279473E400E66DB7 /* ViewController.swift */,
				DEAC88C0279473E400E66DB7 /* Main.storyboard */,
				DEAC88C3279473E600E66DB7 /* Assets.xcassets */,
				DEAC88C5279473E600E66DB7 /* LaunchScreen.storyboard */,
				DEAC88C8279473E600E66DB7 /* Info.plist */,
			);
			path = "About Me";
			sourceTree = "<group>";
		};
		DEAC88D0279473E600E66DB7 /* About MeTests */ = {
			isa = PBXGroup;
			children = (
				DEAC88D1279473E600E66DB7 /* About_MeTests.swift */,
			);
			path = "About MeTests";
			sourceTree = "<group>";
		};
		DEAC88DA279473E600E66DB7 /* About MeUITests */ = {
			isa = PBXGroup;
			children = (
				DEAC88DB279473E600E66DB7 /* About_MeUITests.swift */,
				DEAC88DD279473E600E66DB7 /* About_MeUITestsLaunchTests.swift */,
			);
			path = "About MeUITests";
			sourceTree = "<group>";
		};
/* End PBXGroup section */

/* Begin PBXNativeTarget section */
		DEAC88B6279473E400E66DB7 /* About Me */ = {
			isa = PBXNativeTarget;
			buildConfigurationList = DEAC88E1279473E600E66DB7 /* Build configuration list for PBXNativeTarget "About Me" */;
			buildPhases = (
				DEAC88B3279473E400E66DB7 /* Sources */,
				DEAC88B4279473E400E66DB7 /* Frameworks */,
				DEAC88B5279473E400E66DB7 /* Resources */,
			);
			buildRules = (
			);
			dependencies = (
			);
			name = "About Me";
			productName = "About Me";
			productReference = DEAC88B7279473E400E66DB7 /* About Me.app */;
			productType = "com.apple.product-type.application";
		};
		DEAC88CC279473E600E66DB7 /* About MeTests */ = {
			isa = PBXNativeTarget;
			buildConfigurationList = DEAC88E4279473E600E66DB7 /* Build configuration list for PBXNativeTarget "About MeTests" */;
			buildPhases = (
				DEAC88C9279473E600E66DB7 /* Sources */,
				DEAC88CA279473E600E66DB7 /* Frameworks */,
				DEAC88CB279473E600E66DB7 /* Resources */,
			);
			buildRules = (
			);
			dependencies = (
				DEAC88CF279473E600E66DB7 /* PBXTargetDependency */,
			);
			name = "About MeTests";
			productName = "About MeTests";
			productReference = DEAC88CD279473E600E66DB7 /* About MeTests.xctest */;
			productType = "com.apple.product-type.bundle.unit-test";
		};
		DEAC88D6279473E600E66DB7 /* About MeUITests */ = {
			isa = PBXNativeTarget;
			buildConfigurationList = DEAC88E7279473E600E66DB7 /* Build configuration list for PBXNativeTarget "About MeUITests" */;
			buildPhases = (
				DEAC88D3279473E600E66DB7 /* Sources */,
				DEAC88D4279473E600E66DB7 /* Frameworks */,
				DEAC88D5279473E600E66DB7 /* Resources */,
			);
			buildRules = (
			);
			dependencies = (
				DEAC88D9279473E600E66DB7 /* PBXTargetDependency */,
			);
			name = "About MeUITests";
			productName = "About MeUITests";
			productReference = DEAC88D7279473E600E66DB7 /* About MeUITests.xctest */;
			productType = "com.apple.product-type.bundle.ui-testing";
		};
/* End PBXNativeTarget section */

/* Begin PBXProject section */
		DEAC88AF279473E400E66DB7 /* Project object */ = {
			isa = PBXProject;
			attributes = {
				BuildIndependentTargetsInParallel = 1;
				LastSwiftUpdateCheck = 1320;
				LastUpgradeCheck = 1320;
				TargetAttributes = {
					DEAC88B6279473E400E66DB7 = {
						CreatedOnToolsVersion = 13.2.1;
					};
					DEAC88CC279473E600E66DB7 = {
						CreatedOnToolsVersion = 13.2.1;
						TestTargetID = DEAC88B6279473E400E66DB7;
					};
					DEAC88D6279473E600E66DB7 = {
						CreatedOnToolsVersion = 13.2.1;
						TestTargetID = DEAC88B6279473E400E66DB7;
					};
				};
			};
			buildConfigurationList = DEAC88B2279473E400E66DB7 /* Build configuration list for PBXProject "About Me" */;
			compatibilityVersion = "Xcode 13.0";
			developmentRegion = en;
			hasScannedForEncodings = 0;
			knownRegions = (
				en,
				Base,
			);
			mainGroup = DEAC88AE279473E400E66DB7;
			productRefGroup = DEAC88B8279473E400E66DB7 /* Products */;
			projectDirPath = "";
			projectRoot = "";
			targets = (
				DEAC88B6279473E400E66DB7 /* About Me */,
				DEAC88CC279473E600E66DB7 /* About MeTests */,
				DEAC88D6279473E600E66DB7 /* About MeUITests */,
			);
		};
/* End PBXProject section */

/* Begin PBXResourcesBuildPhase section */
		DEAC88B5279473E400E66DB7 /* Resources */ = {
			isa = PBXResourcesBuildPhase;
			buildActionMask = 2147483647;
			files = (
				DEAC88C7279473E600E66DB7 /* LaunchScreen.storyboard in Resources */,
				DEAC88C4279473E600E66DB7 /* Assets.xcassets in Resources */,
				DEAC88C2279473E400E66DB7 /* Main.storyboard in Resources */,
			);
			runOnlyForDeploymentPostprocessing = 0;
		};
		DEAC88CB279473E600E66DB7 /* Resources */ = {
			isa = PBXResourcesBuildPhase;
			buildActionMask = 2147483647;
			files = (
			);
			runOnlyForDeploymentPostprocessing = 0;
		};
		DEAC88D5279473E600E66DB7 /* Resources */ = {
			isa = PBXResourcesBuildPhase;
			buildActionMask = 2147483647;
			files = (
			);
			runOnlyForDeploymentPostprocessing = 0;
		};
/* End PBXResourcesBuildPhase section */

/* Begin PBXSourcesBuildPhase section */
		DEAC88B3279473E400E66DB7 /* Sources */ = {
			isa = PBXSourcesBuildPhase;
			buildActionMask = 2147483647;
			files = (
				DEAC88BF279473E400E66DB7 /* ViewController.swift in Sources */,
				DEAC88BB279473E400E66DB7 /* AppDelegate.swift in Sources */,
				DEAC88BD279473E400E66DB7 /* SceneDelegate.swift in Sources */,
			);
			runOnlyForDeploymentPostprocessing = 0;
		};
		DEAC88C9279473E600E66DB7 /* Sources */ = {
			isa = PBXSourcesBuildPhase;
			buildActionMask = 2147483647;
			files = (
				DEAC88D2279473E600E66DB7 /* About_MeTests.swift in Sources */,
			);
			runOnlyForDeploymentPostprocessing = 0;
		};
		DEAC88D3279473E600E66DB7 /* Sources */ = {
			isa = PBXSourcesBuildPhase;
			buildActionMask = 2147483647;
			files = (
				DEAC88DE279473E600E66DB7 /* About_MeUITestsLaunchTests.swift in Sources */,
				DEAC88DC279473E600E66DB7 /* About_MeUITests.swift in Sources */,
			);
			runOnlyForDeploymentPostprocessing = 0;
		};
/* End PBXSourcesBuildPhase section */

/* Begin PBXTargetDependency section */
		DEAC88CF279473E600E66DB7 /* PBXTargetDependency */ = {
			isa = PBXTargetDependency;
			target = DEAC88B6279473E400E66DB7 /* About Me */;
			targetProxy = DEAC88CE279473E600E66DB7 /* PBXContainerItemProxy */;
		};
		DEAC88D9279473E600E66DB7 /* PBXTargetDependency */ = {
			isa = PBXTargetDependency;
			target = DEAC88B6279473E400E66DB7 /* About Me */;
			targetProxy = DEAC88D8279473E600E66DB7 /* PBXContainerItemProxy */;
		};
/* End PBXTargetDependency section */

/* Begin PBXVariantGroup section */
		DEAC88C0279473E400E66DB7 /* Main.storyboard */ = {
			isa = PBXVariantGroup;
			children = (
				DEAC88C1279473E400E66DB7 /* Base */,
			);
			name = Main.storyboard;
			sourceTree = "<group>";
		};
		DEAC88C5279473E600E66DB7 /* LaunchScreen.storyboard */ = {
			isa = PBXVariantGroup;
			children = (
				DEAC88C6279473E600E66DB7 /* Base */,
			);
			name = LaunchScreen.storyboard;
			sourceTree = "<group>";
		};
/* End PBXVariantGroup section */

/* Begin XCBuildConfiguration section */
		DEAC88DF279473E600E66DB7 /* Debug */ = {
			isa = XCBuildConfiguration;
			buildSettings = {
				ALWAYS_SEARCH_USER_PATHS = NO;
				CLANG_ANALYZER_NONNULL = YES;
				CLANG_ANALYZER_NUMBER_OBJECT_CONVERSION = YES_AGGRESSIVE;
				CLANG_CXX_LANGUAGE_STANDARD = "gnu++17";
				CLANG_CXX_LIBRARY = "libc++";
				CLANG_ENABLE_MODULES = YES;
				CLANG_ENABLE_OBJC_ARC = YES;
				CLANG_ENABLE_OBJC_WEAK = YES;
				CLANG_WARN_BLOCK_CAPTURE_AUTORELEASING = YES;
				CLANG_WARN_BOOL_CONVERSION = YES;
				CLANG_WARN_COMMA = YES;
				CLANG_WARN_CONSTANT_CONVERSION = YES;
				CLANG_WARN_DEPRECATED_OBJC_IMPLEMENTATIONS = YES;
				CLANG_WARN_DIRECT_OBJC_ISA_USAGE = YES_ERROR;
				CLANG_WARN_DOCUMENTATION_COMMENTS = YES;
				CLANG_WARN_EMPTY_BODY = YES;
				CLANG_WARN_ENUM_CONVERSION = YES;
				CLANG_WARN_INFINITE_RECURSION = YES;
				CLANG_WARN_INT_CONVERSION = YES;
				CLANG_WARN_NON_LITERAL_NULL_CONVERSION = YES;
				CLANG_WARN_OBJC_IMPLICIT_RETAIN_SELF = YES;
				CLANG_WARN_OBJC_LITERAL_CONVERSION = YES;
				CLANG_WARN_OBJC_ROOT_CLASS = YES_ERROR;
				CLANG_WARN_QUOTED_INCLUDE_IN_FRAMEWORK_HEADER = YES;
				CLANG_WARN_RANGE_LOOP_ANALYSIS = YES;
				CLANG_WARN_STRICT_PROTOTYPES = YES;
				CLANG_WARN_SUSPICIOUS_MOVE = YES;
				CLANG_WARN_UNGUARDED_AVAILABILITY = YES_AGGRESSIVE;
				CLANG_WARN_UNREACHABLE_CODE = YES;
				CLANG_WARN__DUPLICATE_METHOD_MATCH = YES;
				COPY_PHASE_STRIP = NO;
				DEBUG_INFORMATION_FORMAT = dwarf;
				ENABLE_STRICT_OBJC_MSGSEND = YES;
				ENABLE_TESTABILITY = YES;
				GCC_C_LANGUAGE_STANDARD = gnu11;
				GCC_DYNAMIC_NO_PIC = NO;
				GCC_NO_COMMON_BLOCKS = YES;
				GCC_OPTIMIZATION_LEVEL = 0;
				GCC_PREPROCESSOR_DEFINITIONS = (
					"DEBUG=1",
					"$(inherited)",
				);
				GCC_WARN_64_TO_32_BIT_CONVERSION = YES;
				GCC_WARN_ABOUT_RETURN_TYPE = YES_ERROR;
				GCC_WARN_UNDECLARED_SELECTOR = YES;
				GCC_WARN_UNINITIALIZED_AUTOS = YES_AGGRESSIVE;
				GCC_WARN_UNUSED_FUNCTION = YES;
				GCC_WARN_UNUSED_VARIABLE = YES;
				IPHONEOS_DEPLOYMENT_TARGET = 15.2;
				MTL_ENABLE_DEBUG_INFO = INCLUDE_SOURCE;
				MTL_FAST_MATH = YES;
				ONLY_ACTIVE_ARCH = YES;
				SDKROOT = iphoneos;
				SWIFT_ACTIVE_COMPILATION_CONDITIONS = DEBUG;
				SWIFT_OPTIMIZATION_LEVEL = "-Onone";
			};
			name = Debug;
		};
		DEAC88E0279473E600E66DB7 /* Release */ = {
			isa = XCBuildConfiguration;
			buildSettings = {
				ALWAYS_SEARCH_USER_PATHS = NO;
				CLANG_ANALYZER_NONNULL = YES;
				CLANG_ANALYZER_NUMBER_OBJECT_CONVERSION = YES_AGGRESSIVE;
				CLANG_CXX_LANGUAGE_STANDARD = "gnu++17";
				CLANG_CXX_LIBRARY = "libc++";
				CLANG_ENABLE_MODULES = YES;
				CLANG_ENABLE_OBJC_ARC = YES;
				CLANG_ENABLE_OBJC_WEAK = YES;
				CLANG_WARN_BLOCK_CAPTURE_AUTORELEASING = YES;
				CLANG_WARN_BOOL_CONVERSION = YES;
				CLANG_WARN_COMMA = YES;
				CLANG_WARN_CONSTANT_CONVERSION = YES;
				CLANG_WARN_DEPRECATED_OBJC_IMPLEMENTATIONS = YES;
				CLANG_WARN_DIRECT_OBJC_ISA_USAGE = YES_ERROR;
				CLANG_WARN_DOCUMENTATION_COMMENTS = YES;
				CLANG_WARN_EMPTY_BODY = YES;
				CLANG_WARN_ENUM_CONVERSION = YES;
				CLANG_WARN_INFINITE_RECURSION = YES;
				CLANG_WARN_INT_CONVERSION = YES;
				CLANG_WARN_NON_LITERAL_NULL_CONVERSION = YES;
				CLANG_WARN_OBJC_IMPLICIT_RETAIN_SELF = YES;
				CLANG_WARN_OBJC_LITERAL_CONVERSION = YES;
				CLANG_WARN_OBJC_ROOT_CLASS = YES_ERROR;
				CLANG_WARN_QUOTED_INCLUDE_IN_FRAMEWORK_HEADER = YES;
				CLANG_WARN_RANGE_LOOP_ANALYSIS = YES;
				CLANG_WARN_STRICT_PROTOTYPES = YES;
				CLANG_WARN_SUSPICIOUS_MOVE = YES;
				CLANG_WARN_UNGUARDED_AVAILABILITY = YES_AGGRESSIVE;
				CLANG_WARN_UNREACHABLE_CODE = YES;
				CLANG_WARN__DUPLICATE_METHOD_MATCH = YES;
				COPY_PHASE_STRIP = NO;
				DEBUG_INFORMATION_FORMAT = "dwarf-with-dsym";
				ENABLE_NS_ASSERTIONS = NO;
				ENABLE_STRICT_OBJC_MSGSEND = YES;
				GCC_C_LANGUAGE_STANDARD = gnu11;
				GCC_NO_COMMON_BLOCKS = YES;
				GCC_WARN_64_TO_32_BIT_CONVERSION = YES;
				GCC_WARN_ABOUT_RETURN_TYPE = YES_ERROR;
				GCC_WARN_UNDECLARED_SELECTOR = YES;
				GCC_WARN_UNINITIALIZED_AUTOS = YES_AGGRESSIVE;
				GCC_WARN_UNUSED_FUNCTION = YES;
				GCC_WARN_UNUSED_VARIABLE = YES;
				IPHONEOS_DEPLOYMENT_TARGET = 15.2;
				MTL_ENABLE_DEBUG_INFO = NO;
				MTL_FAST_MATH = YES;
				SDKROOT = iphoneos;
				SWIFT_COMPILATION_MODE = wholemodule;
				SWIFT_OPTIMIZATION_LEVEL = "-O";
				VALIDATE_PRODUCT = YES;
			};
			name = Release;
		};
		DEAC88E2279473E600E66DB7 /* Debug */ = {
			isa = XCBuildConfiguration;
			buildSettings = {
				ASSETCATALOG_COMPILER_APPICON_NAME = AppIcon;
				ASSETCATALOG_COMPILER_GLOBAL_ACCENT_COLOR_NAME = AccentColor;
				CODE_SIGN_STYLE = Automatic;
				CURRENT_PROJECT_VERSION = 1;
				DEVELOPMENT_TEAM = ZZ6D38T636;
				GENERATE_INFOPLIST_FILE = YES;
				INFOPLIST_FILE = "About Me/Info.plist";
				INFOPLIST_KEY_UIApplicationSupportsIndirectInputEvents = YES;
				INFOPLIST_KEY_UILaunchStoryboardName = LaunchScreen;
				INFOPLIST_KEY_UIMainStoryboardFile = Main;
				INFOPLIST_KEY_UISupportedInterfaceOrientations_iPad = "UIInterfaceOrientationPortrait UIInterfaceOrientationPortraitUpsideDown UIInterfaceOrientationLandscapeLeft UIInterfaceOrientationLandscapeRight";
				INFOPLIST_KEY_UISupportedInterfaceOrientations_iPhone = "UIInterfaceOrientationPortrait UIInterfaceOrientationLandscapeLeft UIInterfaceOrientationLandscapeRight";
				LD_RUNPATH_SEARCH_PATHS = (
					"$(inherited)",
					"@executable_path/Frameworks",
				);
				MARKETING_VERSION = 1.0;
				PRODUCT_BUNDLE_IDENTIFIER = "standi.About-Me";
				PRODUCT_NAME = "$(TARGET_NAME)";
				SWIFT_EMIT_LOC_STRINGS = YES;
				SWIFT_VERSION = 5.0;
				TARGETED_DEVICE_FAMILY = "1,2";
			};
			name = Debug;
		};
		DEAC88E3279473E600E66DB7 /* Release */ = {
			isa = XCBuildConfiguration;
			buildSettings = {
				ASSETCATALOG_COMPILER_APPICON_NAME = AppIcon;
				ASSETCATALOG_COMPILER_GLOBAL_ACCENT_COLOR_NAME = AccentColor;
				CODE_SIGN_STYLE = Automatic;
				CURRENT_PROJECT_VERSION = 1;
				DEVELOPMENT_TEAM = ZZ6D38T636;
				GENERATE_INFOPLIST_FILE = YES;
				INFOPLIST_FILE = "About Me/Info.plist";
				INFOPLIST_KEY_UIApplicationSupportsIndirectInputEvents = YES;
				INFOPLIST_KEY_UILaunchStoryboardName = LaunchScreen;
				INFOPLIST_KEY_UIMainStoryboardFile = Main;
				INFOPLIST_KEY_UISupportedInterfaceOrientations_iPad = "UIInterfaceOrientationPortrait UIInterfaceOrientationPortraitUpsideDown UIInterfaceOrientationLandscapeLeft UIInterfaceOrientationLandscapeRight";
				INFOPLIST_KEY_UISupportedInterfaceOrientations_iPhone = "UIInterfaceOrientationPortrait UIInterfaceOrientationLandscapeLeft UIInterfaceOrientationLandscapeRight";
				LD_RUNPATH_SEARCH_PATHS = (
					"$(inherited)",
					"@executable_path/Frameworks",
				);
				MARKETING_VERSION = 1.0;
				PRODUCT_BUNDLE_IDENTIFIER = "standi.About-Me";
				PRODUCT_NAME = "$(TARGET_NAME)";
				SWIFT_EMIT_LOC_STRINGS = YES;
				SWIFT_VERSION = 5.0;
				TARGETED_DEVICE_FAMILY = "1,2";
			};
			name = Release;
		};
		DEAC88E5279473E600E66DB7 /* Debug */ = {
			isa = XCBuildConfiguration;
			buildSettings = {
				ALWAYS_EMBED_SWIFT_STANDARD_LIBRARIES = YES;
				BUNDLE_LOADER = "$(TEST_HOST)";
				CODE_SIGN_STYLE = Automatic;
				CURRENT_PROJECT_VERSION = 1;
				DEVELOPMENT_TEAM = ZZ6D38T636;
				GENERATE_INFOPLIST_FILE = YES;
				IPHONEOS_DEPLOYMENT_TARGET = 15.2;
				MARKETING_VERSION = 1.0;
				PRODUCT_BUNDLE_IDENTIFIER = "standi.About-MeTests";
				PRODUCT_NAME = "$(TARGET_NAME)";
				SWIFT_EMIT_LOC_STRINGS = NO;
				SWIFT_VERSION = 5.0;
				TARGETED_DEVICE_FAMILY = "1,2";
				TEST_HOST = "$(BUILT_PRODUCTS_DIR)/About Me.app/About Me";
			};
			name = Debug;
		};
		DEAC88E6279473E600E66DB7 /* Release */ = {
			isa = XCBuildConfiguration;
			buildSettings = {
				ALWAYS_EMBED_SWIFT_STANDARD_LIBRARIES = YES;
				BUNDLE_LOADER = "$(TEST_HOST)";
				CODE_SIGN_STYLE = Automatic;
				CURRENT_PROJECT_VERSION = 1;
				DEVELOPMENT_TEAM = ZZ6D38T636;
				GENERATE_INFOPLIST_FILE = YES;
				IPHONEOS_DEPLOYMENT_TARGET = 15.2;
				MARKETING_VERSION = 1.0;
				PRODUCT_BUNDLE_IDENTIFIER = "standi.About-MeTests";
				PRODUCT_NAME = "$(TARGET_NAME)";
				SWIFT_EMIT_LOC_STRINGS = NO;
				SWIFT_VERSION = 5.0;
				TARGETED_DEVICE_FAMILY = "1,2";
				TEST_HOST = "$(BUILT_PRODUCTS_DIR)/About Me.app/About Me";
			};
			name = Release;
		};
		DEAC88E8279473E600E66DB7 /* Debug */ = {
			isa = XCBuildConfiguration;
			buildSettings = {
				ALWAYS_EMBED_SWIFT_STANDARD_LIBRARIES = YES;
				CODE_SIGN_STYLE = Automatic;
				CURRENT_PROJECT_VERSION = 1;
				DEVELOPMENT_TEAM = ZZ6D38T636;
				GENERATE_INFOPLIST_FILE = YES;
				MARKETING_VERSION = 1.0;
				PRODUCT_BUNDLE_IDENTIFIER = "standi.About-MeUITests";
				PRODUCT_NAME = "$(TARGET_NAME)";
				SWIFT_EMIT_LOC_STRINGS = NO;
				SWIFT_VERSION = 5.0;
				TARGETED_DEVICE_FAMILY = "1,2";
				TEST_TARGET_NAME = "About Me";
			};
			name = Debug;
		};
		DEAC88E9279473E600E66DB7 /* Release */ = {
			isa = XCBuildConfiguration;
			buildSettings = {
				ALWAYS_EMBED_SWIFT_STANDARD_LIBRARIES = YES;
				CODE_SIGN_STYLE = Automatic;
				CURRENT_PROJECT_VERSION = 1;
				DEVELOPMENT_TEAM = ZZ6D38T636;
				GENERATE_INFOPLIST_FILE = YES;
				MARKETING_VERSION = 1.0;
				PRODUCT_BUNDLE_IDENTIFIER = "standi.About-MeUITests";
				PRODUCT_NAME = "$(TARGET_NAME)";
				SWIFT_EMIT_LOC_STRINGS = NO;
				SWIFT_VERSION = 5.0;
				TARGETED_DEVICE_FAMILY = "1,2";
				TEST_TARGET_NAME = "About Me";
			};
			name = Release;
		};
/* End XCBuildConfiguration section */

/* Begin XCConfigurationList section */
		DEAC88B2279473E400E66DB7 /* Build configuration list for PBXProject "About Me" */ = {
			isa = XCConfigurationList;
			buildConfigurations = (
				DEAC88DF279473E600E66DB7 /* Debug */,
				DEAC88E0279473E600E66DB7 /* Release */,
			);
			defaultConfigurationIsVisible = 0;
			defaultConfigurationName = Release;
		};
		DEAC88E1279473E600E66DB7 /* Build configuration list for PBXNativeTarget "About Me" */ = {
			isa = XCConfigurationList;
			buildConfigurations = (
				DEAC88E2279473E600E66DB7 /* Debug */,
				DEAC88E3279473E600E66DB7 /* Release */,
			);
			defaultConfigurationIsVisible = 0;
			defaultConfigurationName = Release;
		};
		DEAC88E4279473E600E66DB7 /* Build configuration list for PBXNativeTarget "About MeTests" */ = {
			isa = XCConfigurationList;
			buildConfigurations = (
				DEAC88E5279473E600E66DB7 /* Debug */,
				DEAC88E6279473E600E66DB7 /* Release */,
			);
			defaultConfigurationIsVisible = 0;
			defaultConfigurationName = Release;
		};
		DEAC88E7279473E600E66DB7 /* Build configuration list for PBXNativeTarget "About MeUITests" */ = {
			isa = XCConfigurationList;
			buildConfigurations = (
				DEAC88E8279473E600E66DB7 /* Debug */,
				DEAC88E9279473E600E66DB7 /* Release */,
			);
			defaultConfigurationIsVisible = 0;
			defaultConfigurationName = Release;
		};
/* End XCConfigurationList section */
	};
	rootObject = DEAC88AF279473E400E66DB7 /* Project object */;
}
